
Microsoft Visual Studio Solution File, Format Version 12.00
# Visual Studio Version 17
VisualStudioVersion = 17.5.002.0
MinimumVisualStudioVersion = 10.0.40219.1
Project("{9A19103F-16F7-4668-BE54-9A1E7A4F7556}") = "userServiceAPI", "userServiceAPI.csproj", "{B80E9991-29A4-4314-863D-840CF2E94BAB}"
EndProject
Global
	GlobalSection(SolutionConfigurationPlatforms) = preSolution
		Debug|Any CPU = Debug|Any CPU
		Release|Any CPU = Release|Any CPU
	EndGlobalSection
	GlobalSection(ProjectConfigurationPlatforms) = postSolution
		{B80E9991-29A4-4314-863D-840CF2E94BAB}.Debug|Any CPU.ActiveCfg = Debug|Any CPU
		{B80E9991-29A4-4314-863D-840CF2E94BAB}.Debug|Any CPU.Build.0 = Debug|Any CPU
		{B80E9991-29A4-4314-863D-840CF2E94BAB}.Release|Any CPU.ActiveCfg = Release|Any CPU
		{B80E9991-29A4-4314-863D-840CF2E94BAB}.Release|Any CPU.Build.0 = Release|Any CPU
	EndGlobalSection
	GlobalSection(SolutionProperties) = preSolution
		HideSolutionNode = FALSE
	EndGlobalSection
	GlobalSection(ExtensibilityGlobals) = postSolution
		SolutionGuid = {7217F5D4-C057-427B-AB51-8B95548574CE}
	EndGlobalSection
EndGlobal
